
Microsoft Visual Studio Solution File, Format Version 12.00
# Visual Studio Version 17
VisualStudioVersion = 17.0.31825.309
MinimumVisualStudioVersion = 10.0.40219.1
Project("{FAE04EC0-301F-11D3-BF4B-00C04F79EFBC}") = "LoginForm", "LoginForm\LoginForm.csproj", "{717E02ED-058D-4436-BBD2-CF5074A69BDF}"
EndProject
Project("{FAE04EC0-301F-11D3-BF4B-00C04F79EFBC}") = "Repository", "Repository\Repository.csproj", "{66EA739D-B939-4DE1-8736-921D57BC9ED4}"
EndProject
Project("{FAE04EC0-301F-11D3-BF4B-00C04F79EFBC}") = "DataBase", "DataBase\DataBase.csproj", "{6910C7AF-BCED-4535-9FA5-4FC429D56581}"
EndProject
Project("{FAE04EC0-301F-11D3-BF4B-00C04F79EFBC}") = "UserRepository", "UserRepository\UserRepository.csproj", "{E6874AF2-22B2-4F38-B47C-5F74BA6734ED}"
EndProject
Global
	GlobalSection(SolutionConfigurationPlatforms) = preSolution
		Debug|Any CPU = Debug|Any CPU
		Release|Any CPU = Release|Any CPU
	EndGlobalSection
	GlobalSection(ProjectConfigurationPlatforms) = postSolution
		{717E02ED-058D-4436-BBD2-CF5074A69BDF}.Debug|Any CPU.ActiveCfg = Debug|Any CPU
		{717E02ED-058D-4436-BBD2-CF5074A69BDF}.Debug|Any CPU.Build.0 = Debug|Any CPU
		{717E02ED-058D-4436-BBD2-CF5074A69BDF}.Release|Any CPU.ActiveCfg = Release|Any CPU
		{717E02ED-058D-4436-BBD2-CF5074A69BDF}.Release|Any CPU.Build.0 = Release|Any CPU
		{66EA739D-B939-4DE1-8736-921D57BC9ED4}.Debug|Any CPU.ActiveCfg = Debug|Any CPU
		{66EA739D-B939-4DE1-8736-921D57BC9ED4}.Debug|Any CPU.Build.0 = Debug|Any CPU
		{66EA739D-B939-4DE1-8736-921D57BC9ED4}.Release|Any CPU.ActiveCfg = Release|Any CPU
		{66EA739D-B939-4DE1-8736-921D57BC9ED4}.Release|Any CPU.Build.0 = Release|Any CPU
		{6910C7AF-BCED-4535-9FA5-4FC429D56581}.Debug|Any CPU.ActiveCfg = Debug|Any CPU
		{6910C7AF-BCED-4535-9FA5-4FC429D56581}.Debug|Any CPU.Build.0 = Debug|Any CPU
		{6910C7AF-BCED-4535-9FA5-4FC429D56581}.Release|Any CPU.ActiveCfg = Release|Any CPU
		{6910C7AF-BCED-4535-9FA5-4FC429D56581}.Release|Any CPU.Build.0 = Release|Any CPU
		{E6874AF2-22B2-4F38-B47C-5F74BA6734ED}.Debug|Any CPU.ActiveCfg = Debug|Any CPU
		{E6874AF2-22B2-4F38-B47C-5F74BA6734ED}.Debug|Any CPU.Build.0 = Debug|Any CPU
		{E6874AF2-22B2-4F38-B47C-5F74BA6734ED}.Release|Any CPU.ActiveCfg = Release|Any CPU
		{E6874AF2-22B2-4F38-B47C-5F74BA6734ED}.Release|Any CPU.Build.0 = Release|Any CPU
	EndGlobalSection
	GlobalSection(SolutionProperties) = preSolution
		HideSolutionNode = FALSE
	EndGlobalSection
	GlobalSection(ExtensibilityGlobals) = postSolution
		SolutionGuid = {EFE7DF2A-7D60-4661-9E8A-67B2789C31A3}
	EndGlobalSection
EndGlobal
